
Microsoft Visual Studio Solution File, Format Version 12.00
# Visual Studio Version 16
VisualStudioVersion = 16.0.30907.101
MinimumVisualStudioVersion = 10.0.40219.1
Project("{9A19103F-16F7-4668-BE54-9A1E7A4F7556}") = "DataAccess", "DataAccess\DataAccess.csproj", "{C0B422E9-B387-43DD-BBB6-EF6342F81ECF}"
EndProject
Project("{9A19103F-16F7-4668-BE54-9A1E7A4F7556}") = "Business", "Business\Business.csproj", "{E737D1EC-12F8-4B33-ABF8-6CCE5D400BD4}"
EndProject
Project("{9A19103F-16F7-4668-BE54-9A1E7A4F7556}") = "Entities", "Entities\Entities.csproj", "{20009E3F-BE99-4402-801E-93AE91CDCE6A}"
EndProject
Project("{9A19103F-16F7-4668-BE54-9A1E7A4F7556}") = "ConsoleUI", "ConsoleUI\ConsoleUI.csproj", "{37A3312C-3B2E-467C-8A72-52DA549A9427}"
EndProject
Project("{FAE04EC0-301F-11D3-BF4B-00C04F79EFBC}") = "Core", "Core\Core.csproj", "{9A00D781-2769-449D-91D1-DEE412334DA0}"
EndProject
Global
	GlobalSection(SolutionConfigurationPlatforms) = preSolution
		Debug|Any CPU = Debug|Any CPU
		Release|Any CPU = Release|Any CPU
	EndGlobalSection
	GlobalSection(ProjectConfigurationPlatforms) = postSolution
		{C0B422E9-B387-43DD-BBB6-EF6342F81ECF}.Debug|Any CPU.ActiveCfg = Debug|Any CPU
		{C0B422E9-B387-43DD-BBB6-EF6342F81ECF}.Debug|Any CPU.Build.0 = Debug|Any CPU
		{C0B422E9-B387-43DD-BBB6-EF6342F81ECF}.Release|Any CPU.ActiveCfg = Release|Any CPU
		{C0B422E9-B387-43DD-BBB6-EF6342F81ECF}.Release|Any CPU.Build.0 = Release|Any CPU
		{E737D1EC-12F8-4B33-ABF8-6CCE5D400BD4}.Debug|Any CPU.ActiveCfg = Debug|Any CPU
		{E737D1EC-12F8-4B33-ABF8-6CCE5D400BD4}.Debug|Any CPU.Build.0 = Debug|Any CPU
		{E737D1EC-12F8-4B33-ABF8-6CCE5D400BD4}.Release|Any CPU.ActiveCfg = Release|Any CPU
		{E737D1EC-12F8-4B33-ABF8-6CCE5D400BD4}.Release|Any CPU.Build.0 = Release|Any CPU
		{20009E3F-BE99-4402-801E-93AE91CDCE6A}.Debug|Any CPU.ActiveCfg = Debug|Any CPU
		{20009E3F-BE99-4402-801E-93AE91CDCE6A}.Debug|Any CPU.Build.0 = Debug|Any CPU
		{20009E3F-BE99-4402-801E-93AE91CDCE6A}.Release|Any CPU.ActiveCfg = Release|Any CPU
		{20009E3F-BE99-4402-801E-93AE91CDCE6A}.Release|Any CPU.Build.0 = Release|Any CPU
		{37A3312C-3B2E-467C-8A72-52DA549A9427}.Debug|Any CPU.ActiveCfg = Debug|Any CPU
		{37A3312C-3B2E-467C-8A72-52DA549A9427}.Debug|Any CPU.Build.0 = Debug|Any CPU
		{37A3312C-3B2E-467C-8A72-52DA549A9427}.Release|Any CPU.ActiveCfg = Release|Any CPU
		{37A3312C-3B2E-467C-8A72-52DA549A9427}.Release|Any CPU.Build.0 = Release|Any CPU
		{9A00D781-2769-449D-91D1-DEE412334DA0}.Debug|Any CPU.ActiveCfg = Debug|Any CPU
		{9A00D781-2769-449D-91D1-DEE412334DA0}.Debug|Any CPU.Build.0 = Debug|Any CPU
		{9A00D781-2769-449D-91D1-DEE412334DA0}.Release|Any CPU.ActiveCfg = Release|Any CPU
		{9A00D781-2769-449D-91D1-DEE412334DA0}.Release|Any CPU.Build.0 = Release|Any CPU
	EndGlobalSection
	GlobalSection(SolutionProperties) = preSolution
		HideSolutionNode = FALSE
	EndGlobalSection
	GlobalSection(ExtensibilityGlobals) = postSolution
		SolutionGuid = {555CBB5B-E0CF-46EC-8BC3-D9774C22D5A4}
	EndGlobalSection
EndGlobal
